{
  "lockfile-version": 1,
  "manifest": {
    "version": 1,
    "install": {
      "git": {
        "pkg-path": "git"
      }
    },
    "vars": {},
    "hook": {},
    "profile": {},
    "options": {
      "systems": [
        "aarch64-darwin",
        "aarch64-linux",
        "x86_64-darwin",
        "x86_64-linux"
      ],
      "allow": {
        "licenses": []
      },
      "semver": {}
    },
    "services": {},
    "build": {}
  },
  "packages": [
    {
      "attr_path": "git",
      "broken": false,
      "derivation": "/nix/store/97nbnvjdc3nhizzkbcmcb3zfwb6ri5j7-git-2.46.0.drv",
      "description": "Distributed version control system",
      "install_id": "git",
      "license": "GPL-2.0",
      "locked_url": "https://github.com/flox/nixpkgs?rev=1925c603f17fc89f4c8f6bf6f631a802ad85d784",
      "name": "git-2.46.0",
      "pname": "git",
      "rev": "1925c603f17fc89f4c8f6bf6f631a802ad85d784",
      "rev_count": 685764,
      "rev_date": "2024-09-26T11:04:55Z",
      "scrape_date": "2024-09-28T03:18:30Z",
      "stabilities": [
        "unstable"
      ],
      "unfree": false,
      "version": "2.46.0",
      "outputs_to_install": [
        "out"
      ],
      "outputs": {
        "doc": "/nix/store/ycx57sa7dfrs9z1gq0sk1ai29ib9hvhl-git-2.46.0-doc",
        "out": "/nix/store/msgwpjsr2607nmlm4f0klc60m7vyp2ls-git-2.46.0"
      },
      "system": "aarch64-darwin",
      "group": "toplevel",
      "priority": 5
    },
    {
      "attr_path": "git",
      "broken": false,
      "derivation": "/nix/store/p8xhnwgzarg2v0nyj7dibzp478l7cyfg-git-2.46.0.drv",
      "description": "Distributed version control system",
      "install_id": "git",
      "license": "GPL-2.0",
      "locked_url": "https://github.com/flox/nixpkgs?rev=1925c603f17fc89f4c8f6bf6f631a802ad85d784",
      "name": "git-2.46.0",
      "pname": "git",
      "rev": "1925c603f17fc89f4c8f6bf6f631a802ad85d784",
      "rev_count": 685764,
      "rev_date": "2024-09-26T11:04:55Z",
      "scrape_date": "2024-09-28T03:18:30Z",
      "stabilities": [
        "unstable"
      ],
      "unfree": false,
      "version": "2.46.0",
      "outputs_to_install": [
        "out"
      ],
      "outputs": {
        "debug": "/nix/store/v6r2pdpiwn62yhjp489gjkqhz6yn8zl5-git-2.46.0-debug",
        "doc": "/nix/store/5aiq8j373y5k9dh1p98zlic3n5f5ycnq-git-2.46.0-doc",
        "out": "/nix/store/lgr3n0573wi478bj456zggh541wjrbiw-git-2.46.0"
      },
      "system": "aarch64-linux",
      "group": "toplevel",
      "priority": 5
    },
    {
      "attr_path": "git",
      "broken": false,
      "derivation": "/nix/store/s4ahcn809nbjyx982vrjrma5xlnv9gmj-git-2.46.0.drv",
      "description": "Distributed version control system",
      "install_id": "git",
      "license": "GPL-2.0",
      "locked_url": "https://github.com/flox/nixpkgs?rev=1925c603f17fc89f4c8f6bf6f631a802ad85d784",
      "name": "git-2.46.0",
      "pname": "git",
      "rev": "1925c603f17fc89f4c8f6bf6f631a802ad85d784",
      "rev_count": 685764,
      "rev_date": "2024-09-26T11:04:55Z",
      "scrape_date": "2024-09-28T03:18:30Z",
      "stabilities": [
        "unstable"
      ],
      "unfree": false,
      "version": "2.46.0",
      "outputs_to_install": [
        "out"
      ],
      "outputs": {
        "doc": "/nix/store/kcgzncw4plawrs6fw524dprbscqdl78n-git-2.46.0-doc",
        "out": "/nix/store/lfb5ngmzsmnbqw41wm11i7hjnrkii7ic-git-2.46.0"
      },
      "system": "x86_64-darwin",
      "group": "toplevel",
      "priority": 5
    },
    {
      "attr_path": "git",
      "broken": false,
      "derivation": "/nix/store/9md95inp6dq4vakxvfdbvzvc5ypsyc8k-git-2.46.0.drv",
      "description": "Distributed version control system",
      "install_id": "git",
      "license": "GPL-2.0",
      "locked_url": "https://github.com/flox/nixpkgs?rev=1925c603f17fc89f4c8f6bf6f631a802ad85d784",
      "name": "git-2.46.0",
      "pname": "git",
      "rev": "1925c603f17fc89f4c8f6bf6f631a802ad85d784",
      "rev_count": 685764,
      "rev_date": "2024-09-26T11:04:55Z",
      "scrape_date": "2024-09-28T03:18:30Z",
      "stabilities": [
        "unstable"
      ],
      "unfree": false,
      "version": "2.46.0",
      "outputs_to_install": [
        "out"
      ],
      "outputs": {
        "debug": "/nix/store/x1g0dhpqg1fi4dz20lp2i2h759bdkark-git-2.46.0-debug",
        "doc": "/nix/store/5r0irlcap11p8wqbdiy9fz1y3pk1mn4n-git-2.46.0-doc",
        "out": "/nix/store/0l63mqr7qx1asjxfz86j4zbs4758gn98-git-2.46.0"
      },
      "system": "x86_64-linux",
      "group": "toplevel",
      "priority": 5
    }
  ]
}